
Microsoft Visual Studio Solution File, Format Version 12.00
# Visual Studio Version 17
VisualStudioVersion = 17.5.33516.290
MinimumVisualStudioVersion = 10.0.40219.1
Project("{FAE04EC0-301F-11D3-BF4B-00C04F79EFBC}") = "Whileiteration", "Whileiteration.csproj", "{4C28FC73-ED24-422F-9CB4-5900A1E09933}"
EndProject
Global
	GlobalSection(SolutionConfigurationPlatforms) = preSolution
		Debug|Any CPU = Debug|Any CPU
		Release|Any CPU = Release|Any CPU
	EndGlobalSection
	GlobalSection(ProjectConfigurationPlatforms) = postSolution
		{4C28FC73-ED24-422F-9CB4-5900A1E09933}.Debug|Any CPU.ActiveCfg = Debug|Any CPU
		{4C28FC73-ED24-422F-9CB4-5900A1E09933}.Debug|Any CPU.Build.0 = Debug|Any CPU
		{4C28FC73-ED24-422F-9CB4-5900A1E09933}.Release|Any CPU.ActiveCfg = Release|Any CPU
		{4C28FC73-ED24-422F-9CB4-5900A1E09933}.Release|Any CPU.Build.0 = Release|Any CPU
	EndGlobalSection
	GlobalSection(SolutionProperties) = preSolution
		HideSolutionNode = FALSE
	EndGlobalSection
	GlobalSection(ExtensibilityGlobals) = postSolution
		SolutionGuid = {AA1D7B60-A36F-4D7F-8533-F4FCDE98AA66}
	EndGlobalSection
EndGlobal
