
Microsoft Visual Studio Solution File, Format Version 12.00
# Visual Studio Version 17
VisualStudioVersion = 17.5.33516.290
MinimumVisualStudioVersion = 10.0.40219.1
Project("{FAE04EC0-301F-11D3-BF4B-00C04F79EFBC}") = "HelloWorld", "HelloWorld\HelloWorld.csproj", "{9C6E69C6-FB65-472D-BA70-50E4ADC41A4D}"
EndProject
Global
	GlobalSection(SolutionConfigurationPlatforms) = preSolution
		Debug|Any CPU = Debug|Any CPU
		Release|Any CPU = Release|Any CPU
	EndGlobalSection
	GlobalSection(ProjectConfigurationPlatforms) = postSolution
		{9C6E69C6-FB65-472D-BA70-50E4ADC41A4D}.Debug|Any CPU.ActiveCfg = Debug|Any CPU
		{9C6E69C6-FB65-472D-BA70-50E4ADC41A4D}.Debug|Any CPU.Build.0 = Debug|Any CPU
		{9C6E69C6-FB65-472D-BA70-50E4ADC41A4D}.Release|Any CPU.ActiveCfg = Release|Any CPU
		{9C6E69C6-FB65-472D-BA70-50E4ADC41A4D}.Release|Any CPU.Build.0 = Release|Any CPU
	EndGlobalSection
	GlobalSection(SolutionProperties) = preSolution
		HideSolutionNode = FALSE
	EndGlobalSection
	GlobalSection(ExtensibilityGlobals) = postSolution
		SolutionGuid = {311ED1A7-8CFF-4559-ABA6-7D701003C410}
	EndGlobalSection
EndGlobal
